
Microsoft Visual Studio Solution File, Format Version 12.00
# Visual Studio 2013
VisualStudioVersion = 12.0.40629.0
MinimumVisualStudioVersion = 10.0.40219.1
Project("{FAE04EC0-301F-11D3-BF4B-00C04F79EFBC}") = "AtmSystemManager", "AtmSystemManager\AtmSystemManager.csproj", "{A67CE3E5-D005-45E5-9C1C-6C06296C301D}"
EndProject
Project("{FAE04EC0-301F-11D3-BF4B-00C04F79EFBC}") = "AtmSystemManager.Tests", "AtmSystemManager.Tests\AtmSystemManager.Tests.csproj", "{47497DBB-A31A-4BE9-976B-F4230ABB9054}"
EndProject
Global
	GlobalSection(SolutionConfigurationPlatforms) = preSolution
		Debug|Any CPU = Debug|Any CPU
		Release|Any CPU = Release|Any CPU
	EndGlobalSection
	GlobalSection(ProjectConfigurationPlatforms) = postSolution
		{A67CE3E5-D005-45E5-9C1C-6C06296C301D}.Debug|Any CPU.ActiveCfg = Debug|Any CPU
		{A67CE3E5-D005-45E5-9C1C-6C06296C301D}.Debug|Any CPU.Build.0 = Debug|Any CPU
		{A67CE3E5-D005-45E5-9C1C-6C06296C301D}.Release|Any CPU.ActiveCfg = Release|Any CPU
		{A67CE3E5-D005-45E5-9C1C-6C06296C301D}.Release|Any CPU.Build.0 = Release|Any CPU
		{47497DBB-A31A-4BE9-976B-F4230ABB9054}.Debug|Any CPU.ActiveCfg = Debug|Any CPU
		{47497DBB-A31A-4BE9-976B-F4230ABB9054}.Debug|Any CPU.Build.0 = Debug|Any CPU
		{47497DBB-A31A-4BE9-976B-F4230ABB9054}.Release|Any CPU.ActiveCfg = Release|Any CPU
		{47497DBB-A31A-4BE9-976B-F4230ABB9054}.Release|Any CPU.Build.0 = Release|Any CPU
	EndGlobalSection
	GlobalSection(SolutionProperties) = preSolution
		HideSolutionNode = FALSE
	EndGlobalSection
EndGlobal
